PODS:
  - IQKeyboardManagerSwift (6.5.12)
  - PrimerNolPaySDK (0.0.0)

DEPENDENCIES:
  - IQKeyboardManagerSwift
  - PrimerNolPaySDK (from `../`)

SPEC REPOS:
  trunk:
    - IQKeyboardManagerSwift

EXTERNAL SOURCES:
  PrimerNolPaySDK:
    :path: "../"

SPEC CHECKSUMS:
  IQKeyboardManagerSwift: 371b08cb39664fb56030f5345c815a4ffc74bbc0
  PrimerNolPaySDK: 7d11300f286a6ed3ee12370239f847ff01074811

PODFILE CHECKSUM: 10b7fa1189625ec8ac43243bbc69dc22175dab35

COCOAPODS: 1.13.0
